
Microsoft Visual Studio Solution File, Format Version 12.00
# Visual Studio Version 16
VisualStudioVersion = 16.0.28917.181
MinimumVisualStudioVersion = 10.0.40219.1
Project("{FAE04EC0-301F-11D3-BF4B-00C04F79EFBC}") = "DoubleBits", "DoubleBits\DoubleBits.csproj", "{3B4C8A6A-0CFD-4840-98B3-1893B5E95561}"
EndProject
Global
	GlobalSection(SolutionConfigurationPlatforms) = preSolution
		Debug rapide|Any CPU = Debug rapide|Any CPU
		Debug rapide|x86 = Debug rapide|x86
		Debug|Any CPU = Debug|Any CPU
		Debug|x86 = Debug|x86
		Release|Any CPU = Release|Any CPU
		Release|x86 = Release|x86
	EndGlobalSection
	GlobalSection(ProjectConfigurationPlatforms) = postSolution
		{3B4C8A6A-0CFD-4840-98B3-1893B5E95561}.Debug rapide|Any CPU.ActiveCfg = Debug|Any CPU
		{3B4C8A6A-0CFD-4840-98B3-1893B5E95561}.Debug rapide|Any CPU.Build.0 = Debug|Any CPU
		{3B4C8A6A-0CFD-4840-98B3-1893B5E95561}.Debug rapide|x86.ActiveCfg = Debug|Any CPU
		{3B4C8A6A-0CFD-4840-98B3-1893B5E95561}.Debug|Any CPU.ActiveCfg = Debug|Any CPU
		{3B4C8A6A-0CFD-4840-98B3-1893B5E95561}.Debug|Any CPU.Build.0 = Debug|Any CPU
		{3B4C8A6A-0CFD-4840-98B3-1893B5E95561}.Debug|x86.ActiveCfg = Debug|Any CPU
		{3B4C8A6A-0CFD-4840-98B3-1893B5E95561}.Release|Any CPU.ActiveCfg = Release|Any CPU
		{3B4C8A6A-0CFD-4840-98B3-1893B5E95561}.Release|Any CPU.Build.0 = Release|Any CPU
		{3B4C8A6A-0CFD-4840-98B3-1893B5E95561}.Release|x86.ActiveCfg = Release|Any CPU
	EndGlobalSection
	GlobalSection(SolutionProperties) = preSolution
		HideSolutionNode = FALSE
	EndGlobalSection
	GlobalSection(ExtensibilityGlobals) = postSolution
		SolutionGuid = {00E62431-DE8D-484F-8341-21E60D44C90C}
	EndGlobalSection
EndGlobal
